<Solution>
  <Configurations>
    <Platform Name="Any CPU" />
    <Platform Name="x64" />
    <Platform Name="x86" />
  </Configurations>
  <Folder Name="/Solution Items/">
    <File Path=".editorconfig" />
    <File Path=".gitignore" />
    <File Path="Directory.Build.props" />
    <File Path="nuget.config" />
    <File Path="README.md" />
    <File Path="RepositoryInfo.xml" />
  </Folder>
  <Folder Name="/Tests/">
    <Project Path="Tests/CK.DB.Globalization.Tests/CK.DB.Globalization.Tests.csproj" />
  </Folder>
  <Project Path="CK.DB.Globalization/CK.DB.Globalization.csproj" />
  <Project Path="CK.IO.Globalization/CK.IO.Globalization.csproj" />
</Solution>
